// !$*UTF8*$!
{
	archiveVersion = 1;
	classes = {
	};
	objectVersion = 46;
	objects = {

/* Begin PBXBuildFile section */
		DEDC33831AAF5F4700AA0AE8 /* BengalTiger.jpg in Resources */ = {isa = PBXBuildFile; fileRef = DEDC337B1AAF5F4700AA0AE8 /* BengalTiger.jpg */; };
		DEDC33841AAF5F4700AA0AE8 /* IndochineseTiger.jpg in Resources */ = {isa = PBXBuildFile; fileRef = DEDC337C1AAF5F4700AA0AE8 /* IndochineseTiger.jpg */; };
		DEDC33851AAF5F4700AA0AE8 /* Lion.jpg in Resources */ = {isa = PBXBuildFile; fileRef = DEDC337D1AAF5F4700AA0AE8 /* Lion.jpg */; };
		DEDC33861AAF5F4700AA0AE8 /* LionCub1.jpg in Resources */ = {isa = PBXBuildFile; fileRef = DEDC337E1AAF5F4700AA0AE8 /* LionCub1.jpg */; };
		DEDC33871AAF5F4700AA0AE8 /* LionCub2.jpeg in Resources */ = {isa = PBXBuildFile; fileRef = DEDC337F1AAF5F4700AA0AE8 /* LionCub2.jpeg */; };
		DEDC33881AAF5F4700AA0AE8 /* Lioness.jpeg in Resources */ = {isa = PBXBuildFile; fileRef = DEDC33801AAF5F4700AA0AE8 /* Lioness.jpeg */; };
		DEDC33891AAF5F4700AA0AE8 /* MalayanTiger.jpg in Resources */ = {isa = PBXBuildFile; fileRef = DEDC33811AAF5F4700AA0AE8 /* MalayanTiger.jpg */; };
		DEDC338A1AAF5F4700AA0AE8 /* SiberianTiger.jpg in Resources */ = {isa = PBXBuildFile; fileRef = DEDC33821AAF5F4700AA0AE8 /* SiberianTiger.jpg */; };
		DEFDF3CB1AAF54350006282F /* AppDelegate.swift in Sources */ = {isa = PBXBuildFile; fileRef = DEFDF3CA1AAF54350006282F /* AppDelegate.swift */; };
		DEFDF3CD1AAF54350006282F /* ViewController.swift in Sources */ = {isa = PBXBuildFile; fileRef = DEFDF3CC1AAF54350006282F /* ViewController.swift */; };
		DEFDF3D01AAF54350006282F /* Main.storyboard in Resources */ = {isa = PBXBuildFile; fileRef = DEFDF3CE1AAF54350006282F /* Main.storyboard */; };
		DEFDF3D21AAF54350006282F /* Images.xcassets in Resources */ = {isa = PBXBuildFile; fileRef = DEFDF3D11AAF54350006282F /* Images.xcassets */; };
		DEFDF3D51AAF54350006282F /* LaunchScreen.xib in Resources */ = {isa = PBXBuildFile; fileRef = DEFDF3D31AAF54350006282F /* LaunchScreen.xib */; };
		DEFDF3E11AAF54350006282F /* loinsAndTigersTests.swift in Sources */ = {isa = PBXBuildFile; fileRef = DEFDF3E01AAF54350006282F /* loinsAndTigersTests.swift */; };
		DEFDF3EB1AAF59340006282F /* tiger.swift in Sources */ = {isa = PBXBuildFile; fileRef = DEFDF3EA1AAF59340006282F /* tiger.swift */; };
/* End PBXBuildFile section */

/* Begin PBXContainerItemProxy section */
		DEFDF3DB1AAF54350006282F /* PBXContainerItemProxy */ = {
			isa = PBXContainerItemProxy;
			containerPortal = DEFDF3BD1AAF54350006282F /* Project object */;
			proxyType = 1;
			remoteGlobalIDString = DEFDF3C41AAF54350006282F;
			remoteInfo = loinsAndTigers;
		};
/* End PBXContainerItemProxy section */

/* Begin PBXFileReference section */
		DEDC337B1AAF5F4700AA0AE8 /* BengalTiger.jpg */ = {isa = PBXFileReference; lastKnownFileType = image.jpeg; path = BengalTiger.jpg; sourceTree = "<group>"; };
		DEDC337C1AAF5F4700AA0AE8 /* IndochineseTiger.jpg */ = {isa = PBXFileReference; lastKnownFileType = image.jpeg; path = IndochineseTiger.jpg; sourceTree = "<group>"; };
		DEDC337D1AAF5F4700AA0AE8 /* Lion.jpg */ = {isa = PBXFileReference; lastKnownFileType = image.jpeg; path = Lion.jpg; sourceTree = "<group>"; };
		DEDC337E1AAF5F4700AA0AE8 /* LionCub1.jpg */ = {isa = PBXFileReference; lastKnownFileType = image.jpeg; path = LionCub1.jpg; sourceTree = "<group>"; };
		DEDC337F1AAF5F4700AA0AE8 /* LionCub2.jpeg */ = {isa = PBXFileReference; lastKnownFileType = image.jpeg; path = LionCub2.jpeg; sourceTree = "<group>"; };
		DEDC33801AAF5F4700AA0AE8 /* Lioness.jpeg */ = {isa = PBXFileReference; lastKnownFileType = image.jpeg; path = Lioness.jpeg; sourceTree = "<group>"; };
		DEDC33811AAF5F4700AA0AE8 /* MalayanTiger.jpg */ = {isa = PBXFileReference; lastKnownFileType = image.jpeg; path = MalayanTiger.jpg; sourceTree = "<group>"; };
		DEDC33821AAF5F4700AA0AE8 /* SiberianTiger.jpg */ = {isa = PBXFileReference; lastKnownFileType = image.jpeg; path = SiberianTiger.jpg; sourceTree = "<group>"; };
		DEFDF3C51AAF54350006282F /* loinsAndTigers.app */ = {isa = PBXFileReference; explicitFileType = wrapper.application; includeInIndex = 0; path = loinsAndTigers.app; sourceTree = BUILT_PRODUCTS_DIR; };
		DEFDF3C91AAF54350006282F /* Info.plist */ = {isa = PBXFileReference; lastKnownFileType = text.plist.xml; path = Info.plist; sourceTree = "<group>"; };
		DEFDF3CA1AAF54350006282F /* AppDelegate.swift */ = {isa = PBXFileReference; lastKnownFileType = sourcecode.swift; path = AppDelegate.swift; sourceTree = "<group>"; };
		DEFDF3CC1AAF54350006282F /* ViewController.swift */ = {isa = PBXFileReference; lastKnownFileType = sourcecode.swift; path = ViewController.swift; sourceTree = "<group>"; };
		DEFDF3CF1AAF54350006282F /* Base */ = {isa = PBXFileReference; lastKnownFileType = file.storyboard; name = Base; path = Base.lproj/Main.storyboard; sourceTree = "<group>"; };
		DEFDF3D11AAF54350006282F /* Images.xcassets */ = {isa = PBXFileReference; lastKnownFileType = folder.assetcatalog; path = Images.xcassets; sourceTree = "<group>"; };
		DEFDF3D41AAF54350006282F /* Base */ = {isa = PBXFileReference; lastKnownFileType = file.xib; name = Base; path = Base.lproj/LaunchScreen.xib; sourceTree = "<group>"; };
		DEFDF3DA1AAF54350006282F /* loinsAndTigersTests.xctest */ = {isa = PBXFileReference; explicitFileType = wrapper.cfbundle; includeInIndex = 0; path = loinsAndTigersTests.xctest; sourceTree = BUILT_PRODUCTS_DIR; };
		DEFDF3DF1AAF54350006282F /* Info.plist */ = {isa = PBXFileReference; lastKnownFileType = text.plist.xml; path = Info.plist; sourceTree = "<group>"; };
		DEFDF3E01AAF54350006282F /* loinsAndTigersTests.swift */ = {isa = PBXFileReference; lastKnownFileType = sourcecode.swift; path = loinsAndTigersTests.swift; sourceTree = "<group>"; };
		DEFDF3EA1AAF59340006282F /* tiger.swift */ = {isa = PBXFileReference; fileEncoding = 4; lastKnownFileType = sourcecode.swift; path = tiger.swift; sourceTree = "<group>"; };
/* End PBXFileReference section */

/* Begin PBXFrameworksBuildPhase section */
		DEFDF3C21AAF54350006282F /* Frameworks */ = {
			isa = PBXFrameworksBuildPhase;
			buildActionMask = 2147483647;
			files = (
			);
			runOnlyForDeploymentPostprocessing = 0;
		};
		DEFDF3D71AAF54350006282F /* Frameworks */ = {
			isa = PBXFrameworksBuildPhase;
			buildActionMask = 2147483647;
			files = (
			);
			runOnlyForDeploymentPostprocessing = 0;
		};
/* End PBXFrameworksBuildPhase section */

/* Begin PBXGroup section */
		DEDC337A1AAF5F4700AA0AE8 /* LionsAndTigersImages */ = {
			isa = PBXGroup;
			children = (
				DEDC337B1AAF5F4700AA0AE8 /* BengalTiger.jpg */,
				DEDC337C1AAF5F4700AA0AE8 /* IndochineseTiger.jpg */,
				DEDC337D1AAF5F4700AA0AE8 /* Lion.jpg */,
				DEDC337E1AAF5F4700AA0AE8 /* LionCub1.jpg */,
				DEDC337F1AAF5F4700AA0AE8 /* LionCub2.jpeg */,
				DEDC33801AAF5F4700AA0AE8 /* Lioness.jpeg */,
				DEDC33811AAF5F4700AA0AE8 /* MalayanTiger.jpg */,
				DEDC33821AAF5F4700AA0AE8 /* SiberianTiger.jpg */,
			);
			path = LionsAndTigersImages;
			sourceTree = "<group>";
		};
		DEFDF3BC1AAF54350006282F = {
			isa = PBXGroup;
			children = (
				DEFDF3C71AAF54350006282F /* loinsAndTigers */,
				DEFDF3DD1AAF54350006282F /* loinsAndTigersTests */,
				DEFDF3C61AAF54350006282F /* Products */,
			);
			sourceTree = "<group>";
		};
		DEFDF3C61AAF54350006282F /* Products */ = {
			isa = PBXGroup;
			children = (
				DEFDF3C51AAF54350006282F /* loinsAndTigers.app */,
				DEFDF3DA1AAF54350006282F /* loinsAndTigersTests.xctest */,
			);
			name = Products;
			sourceTree = "<group>";
		};
		DEFDF3C71AAF54350006282F /* loinsAndTigers */ = {
			isa = PBXGroup;
			children = (
				DEFDF3CA1AAF54350006282F /* AppDelegate.swift */,
				DEFDF3CC1AAF54350006282F /* ViewController.swift */,
				DEFDF3EA1AAF59340006282F /* tiger.swift */,
				DEFDF3CE1AAF54350006282F /* Main.storyboard */,
				DEFDF3D11AAF54350006282F /* Images.xcassets */,
				DEFDF3D31AAF54350006282F /* LaunchScreen.xib */,
				DEFDF3C81AAF54350006282F /* Supporting Files */,
			);
			path = loinsAndTigers;
			sourceTree = "<group>";
		};
		DEFDF3C81AAF54350006282F /* Supporting Files */ = {
			isa = PBXGroup;
			children = (
				DEDC337A1AAF5F4700AA0AE8 /* LionsAndTigersImages */,
				DEFDF3C91AAF54350006282F /* Info.plist */,
			);
			name = "Supporting Files";
			sourceTree = "<group>";
		};
		DEFDF3DD1AAF54350006282F /* loinsAndTigersTests */ = {
			isa = PBXGroup;
			children = (
				DEFDF3E01AAF54350006282F /* loinsAndTigersTests.swift */,
				DEFDF3DE1AAF54350006282F /* Supporting Files */,
			);
			path = loinsAndTigersTests;
			sourceTree = "<group>";
		};
		DEFDF3DE1AAF54350006282F /* Supporting Files */ = {
			isa = PBXGroup;
			children = (
				DEFDF3DF1AAF54350006282F /* Info.plist */,
			);
			name = "Supporting Files";
			sourceTree = "<group>";
		};
/* End PBXGroup section */

/* Begin PBXNativeTarget section */
		DEFDF3C41AAF54350006282F /* loinsAndTigers */ = {
			isa = PBXNativeTarget;
			buildConfigurationList = DEFDF3E41AAF54350006282F /* Build configuration list for PBXNativeTarget "loinsAndTigers" */;
			buildPhases = (
				DEFDF3C11AAF54350006282F /* Sources */,
				DEFDF3C21AAF54350006282F /* Frameworks */,
				DEFDF3C31AAF54350006282F /* Resources */,
			);
			buildRules = (
			);
			dependencies = (
			);
			name = loinsAndTigers;
			productName = loinsAndTigers;
			productReference = DEFDF3C51AAF54350006282F /* loinsAndTigers.app */;
			productType = "com.apple.product-type.application";
		};
		DEFDF3D91AAF54350006282F /* loinsAndTigersTests */ = {
			isa = PBXNativeTarget;
			buildConfigurationList = DEFDF3E71AAF54350006282F /* Build configuration list for PBXNativeTarget "loinsAndTigersTests" */;
			buildPhases = (
				DEFDF3D61AAF54350006282F /* Sources */,
				DEFDF3D71AAF54350006282F /* Frameworks */,
				DEFDF3D81AAF54350006282F /* Resources */,
			);
			buildRules = (
			);
			dependencies = (
				DEFDF3DC1AAF54350006282F /* PBXTargetDependency */,
			);
			name = loinsAndTigersTests;
			productName = loinsAndTigersTests;
			productReference = DEFDF3DA1AAF54350006282F /* loinsAndTigersTests.xctest */;
			productType = "com.apple.product-type.bundle.unit-test";
		};
/* End PBXNativeTarget section */

/* Begin PBXProject section */
		DEFDF3BD1AAF54350006282F /* Project object */ = {
			isa = PBXProject;
			attributes = {
				LastUpgradeCheck = 0610;
				ORGANIZATIONNAME = "terry atkins";
				TargetAttributes = {
					DEFDF3C41AAF54350006282F = {
						CreatedOnToolsVersion = 6.1.1;
					};
					DEFDF3D91AAF54350006282F = {
						CreatedOnToolsVersion = 6.1.1;
						TestTargetID = DEFDF3C41AAF54350006282F;
					};
				};
			};
			buildConfigurationList = DEFDF3C01AAF54350006282F /* Build configuration list for PBXProject "loinsAndTigers" */;
			compatibilityVersion = "Xcode 3.2";
			developmentRegion = English;
			hasScannedForEncodings = 0;
			knownRegions = (
				en,
				Base,
			);
			mainGroup = DEFDF3BC1AAF54350006282F;
			productRefGroup = DEFDF3C61AAF54350006282F /* Products */;
			projectDirPath = "";
			projectRoot = "";
			targets = (
				DEFDF3C41AAF54350006282F /* loinsAndTigers */,
				DEFDF3D91AAF54350006282F /* loinsAndTigersTests */,
			);
		};
/* End PBXProject section */

/* Begin PBXResourcesBuildPhase section */
		DEFDF3C31AAF54350006282F /* Resources */ = {
			isa = PBXResourcesBuildPhase;
			buildActionMask = 2147483647;
			files = (
				DEDC33841AAF5F4700AA0AE8 /* IndochineseTiger.jpg in Resources */,
				DEFDF3D01AAF54350006282F /* Main.storyboard in Resources */,
				DEFDF3D51AAF54350006282F /* LaunchScreen.xib in Resources */,
				DEDC33881AAF5F4700AA0AE8 /* Lioness.jpeg in Resources */,
				DEDC33861AAF5F4700AA0AE8 /* LionCub1.jpg in Resources */,
				DEDC33891AAF5F4700AA0AE8 /* MalayanTiger.jpg in Resources */,
				DEDC338A1AAF5F4700AA0AE8 /* SiberianTiger.jpg in Resources */,
				DEDC33831AAF5F4700AA0AE8 /* BengalTiger.jpg in Resources */,
				DEFDF3D21AAF54350006282F /* Images.xcassets in Resources */,
				DEDC33851AAF5F4700AA0AE8 /* Lion.jpg in Resources */,
				DEDC33871AAF5F4700AA0AE8 /* LionCub2.jpeg in Resources */,
			);
			runOnlyForDeploymentPostprocessing = 0;
		};
		DEFDF3D81AAF54350006282F /* Resources */ = {
			isa = PBXResourcesBuildPhase;
			buildActionMask = 2147483647;
			files = (
			);
			runOnlyForDeploymentPostprocessing = 0;
		};
/* End PBXResourcesBuildPhase section */

/* Begin PBXSourcesBuildPhase section */
		DEFDF3C11AAF54350006282F /* Sources */ = {
			isa = PBXSourcesBuildPhase;
			buildActionMask = 2147483647;
			files = (
				DEFDF3CD1AAF54350006282F /* ViewController.swift in Sources */,
				DEFDF3EB1AAF59340006282F /* tiger.swift in Sources */,
				DEFDF3CB1AAF54350006282F /* AppDelegate.swift in Sources */,
			);
			runOnlyForDeploymentPostprocessing = 0;
		};
		DEFDF3D61AAF54350006282F /* Sources */ = {
			isa = PBXSourcesBuildPhase;
			buildActionMask = 2147483647;
			files = (
				DEFDF3E11AAF54350006282F /* loinsAndTigersTests.swift in Sources */,
			);
			runOnlyForDeploymentPostprocessing = 0;
		};
/* End PBXSourcesBuildPhase section */

/* Begin PBXTargetDependency section */
		DEFDF3DC1AAF54350006282F /* PBXTargetDependency */ = {
			isa = PBXTargetDependency;
			target = DEFDF3C41AAF54350006282F /* loinsAndTigers */;
			targetProxy = DEFDF3DB1AAF54350006282F /* PBXContainerItemProxy */;
		};
/* End PBXTargetDependency section */

/* Begin PBXVariantGroup section */
		DEFDF3CE1AAF54350006282F /* Main.storyboard */ = {
			isa = PBXVariantGroup;
			children = (
				DEFDF3CF1AAF54350006282F /* Base */,
			);
			name = Main.storyboard;
			sourceTree = "<group>";
		};
		DEFDF3D31AAF54350006282F /* LaunchScreen.xib */ = {
			isa = PBXVariantGroup;
			children = (
				DEFDF3D41AAF54350006282F /* Base */,
			);
			name = LaunchScreen.xib;
			sourceTree = "<group>";
		};
/* End PBXVariantGroup section */

/* Begin XCBuildConfiguration section */
		DEFDF3E21AAF54350006282F /* Debug */ = {
			isa = XCBuildConfiguration;
			buildSettings = {
				ALWAYS_SEARCH_USER_PATHS = NO;
				CLANG_CXX_LANGUAGE_STANDARD = "gnu++0x";
				CLANG_CXX_LIBRARY = "libc++";
				CLANG_ENABLE_MODULES = YES;
				CLANG_ENABLE_OBJC_ARC = YES;
				CLANG_WARN_BOOL_CONVERSION = YES;
				CLANG_WARN_CONSTANT_CONVERSION = YES;
				CLANG_WARN_DIRECT_OBJC_ISA_USAGE = YES_ERROR;
				CLANG_WARN_EMPTY_BODY = YES;
				CLANG_WARN_ENUM_CONVERSION = YES;
				CLANG_WARN_INT_CONVERSION = YES;
				CLANG_WARN_OBJC_ROOT_CLASS = YES_ERROR;
				CLANG_WARN_UNREACHABLE_CODE = YES;
				CLANG_WARN__DUPLICATE_METHOD_MATCH = YES;
				"CODE_SIGN_IDENTITY[sdk=iphoneos*]" = "iPhone Developer";
				COPY_PHASE_STRIP = NO;
				ENABLE_STRICT_OBJC_MSGSEND = YES;
				GCC_C_LANGUAGE_STANDARD = gnu99;
				GCC_DYNAMIC_NO_PIC = NO;
				GCC_OPTIMIZATION_LEVEL = 0;
				GCC_PREPROCESSOR_DEFINITIONS = (
					"DEBUG=1",
					"$(inherited)",
				);
				GCC_SYMBOLS_PRIVATE_EXTERN = NO;
				GCC_WARN_64_TO_32_BIT_CONVERSION = YES;
				GCC_WARN_ABOUT_RETURN_TYPE = YES_ERROR;
				GCC_WARN_UNDECLARED_SELECTOR = YES;
				GCC_WARN_UNINITIALIZED_AUTOS = YES_AGGRESSIVE;
				GCC_WARN_UNUSED_FUNCTION = YES;
				GCC_WARN_UNUSED_VARIABLE = YES;
				IPHONEOS_DEPLOYMENT_TARGET = 8.1;
				MTL_ENABLE_DEBUG_INFO = YES;
				ONLY_ACTIVE_ARCH = YES;
				SDKROOT = iphoneos;
				SWIFT_OPTIMIZATION_LEVEL = "-Onone";
			};
			name = Debug;
		};
		DEFDF3E31AAF54350006282F /* Release */ = {
			isa = XCBuildConfiguration;
			buildSettings = {
				ALWAYS_SEARCH_USER_PATHS = NO;
				CLANG_CXX_LANGUAGE_STANDARD = "gnu++0x";
				CLANG_CXX_LIBRARY = "libc++";
				CLANG_ENABLE_MODULES = YES;
				CLANG_ENABLE_OBJC_ARC = YES;
				CLANG_WARN_BOOL_CONVERSION = YES;
				CLANG_WARN_CONSTANT_CONVERSION = YES;
				CLANG_WARN_DIRECT_OBJC_ISA_USAGE = YES_ERROR;
				CLANG_WARN_EMPTY_BODY = YES;
				CLANG_WARN_ENUM_CONVERSION = YES;
				CLANG_WARN_INT_CONVERSION = YES;
				CLANG_WARN_OBJC_ROOT_CLASS = YES_ERROR;
				CLANG_WARN_UNREACHABLE_CODE = YES;
				CLANG_WARN__DUPLICATE_METHOD_MATCH = YES;
				"CODE_SIGN_IDENTITY[sdk=iphoneos*]" = "iPhone Developer";
				COPY_PHASE_STRIP = YES;
				ENABLE_NS_ASSERTIONS = NO;
				ENABLE_STRICT_OBJC_MSGSEND = YES;
				GCC_C_LANGUAGE_STANDARD = gnu99;
				GCC_WARN_64_TO_32_BIT_CONVERSION = YES;
				GCC_WARN_ABOUT_RETURN_TYPE = YES_ERROR;
				GCC_WARN_UNDECLARED_SELECTOR = YES;
				GCC_WARN_UNINITIALIZED_AUTOS = YES_AGGRESSIVE;
				GCC_WARN_UNUSED_FUNCTION = YES;
				GCC_WARN_UNUSED_VARIABLE = YES;
				IPHONEOS_DEPLOYMENT_TARGET = 8.1;
				MTL_ENABLE_DEBUG_INFO = NO;
				SDKROOT = iphoneos;
				VALIDATE_PRODUCT = YES;
			};
			name = Release;
		};
		DEFDF3E51AAF54350006282F /* Debug */ = {
			isa = XCBuildConfiguration;
			buildSettings = {
				ASSETCATALOG_COMPILER_APPICON_NAME = AppIcon;
				INFOPLIST_FILE = loinsAndTigers/Info.plist;
				LD_RUNPATH_SEARCH_PATHS = "$(inherited) @executable_path/Frameworks";
				PRODUCT_NAME = "$(TARGET_NAME)";
			};
			name = Debug;
		};
		DEFDF3E61AAF54350006282F /* Release */ = {
			isa = XCBuildConfiguration;
			buildSettings = {
				ASSETCATALOG_COMPILER_APPICON_NAME = AppIcon;
				INFOPLIST_FILE = loinsAndTigers/Info.plist;
				LD_RUNPATH_SEARCH_PATHS = "$(inherited) @executable_path/Frameworks";
				PRODUCT_NAME = "$(TARGET_NAME)";
			};
			name = Release;
		};
		DEFDF3E81AAF54350006282F /* Debug */ = {
			isa = XCBuildConfiguration;
			buildSettings = {
				BUNDLE_LOADER = "$(TEST_HOST)";
				FRAMEWORK_SEARCH_PATHS = (
					"$(SDKROOT)/Developer/Library/Frameworks",
					"$(inherited)",
				);
				GCC_PREPROCESSOR_DEFINITIONS = (
					"DEBUG=1",
					"$(inherited)",
				);
				INFOPLIST_FILE = loinsAndTigersTests/Info.plist;
				LD_RUNPATH_SEARCH_PATHS = "$(inherited) @executable_path/Frameworks @loader_path/Frameworks";
				PRODUCT_NAME = "$(TARGET_NAME)";
				TEST_HOST = "$(BUILT_PRODUCTS_DIR)/loinsAndTigers.app/loinsAndTigers";
			};
			name = Debug;
		};
		DEFDF3E91AAF54350006282F /* Release */ = {
			isa = XCBuildConfiguration;
			buildSettings = {
				BUNDLE_LOADER = "$(TEST_HOST)";
				FRAMEWORK_SEARCH_PATHS = (
					"$(SDKROOT)/Developer/Library/Frameworks",
					"$(inherited)",
				);
				INFOPLIST_FILE = loinsAndTigersTests/Info.plist;
				LD_RUNPATH_SEARCH_PATHS = "$(inherited) @executable_path/Frameworks @loader_path/Frameworks";
				PRODUCT_NAME = "$(TARGET_NAME)";
				TEST_HOST = "$(BUILT_PRODUCTS_DIR)/loinsAndTigers.app/loinsAndTigers";
			};
			name = Release;
		};
/* End XCBuildConfiguration section */

/* Begin XCConfigurationList section */
		DEFDF3C01AAF54350006282F /* Build configuration list for PBXProject "loinsAndTigers" */ = {
			isa = XCConfigurationList;
			buildConfigurations = (
				DEFDF3E21AAF54350006282F /* Debug */,
				DEFDF3E31AAF54350006282F /* Release */,
			);
			defaultConfigurationIsVisible = 0;
			defaultConfigurationName = Release;
		};
		DEFDF3E41AAF54350006282F /* Build configuration list for PBXNativeTarget "loinsAndTigers" */ = {
			isa = XCConfigurationList;
			buildConfigurations = (
				DEFDF3E51AAF54350006282F /* Debug */,
				DEFDF3E61AAF54350006282F /* Release */,
			);
			defaultConfigurationIsVisible = 0;
			defaultConfigurationName = Release;
		};
		DEFDF3E71AAF54350006282F /* Build configuration list for PBXNativeTarget "loinsAndTigersTests" */ = {
			isa = XCConfigurationList;
			buildConfigurations = (
				DEFDF3E81AAF54350006282F /* Debug */,
				DEFDF3E91AAF54350006282F /* Release */,
			);
			defaultConfigurationIsVisible = 0;
			defaultConfigurationName = Release;
		};
/* End XCConfigurationList section */
	};
	rootObject = DEFDF3BD1AAF54350006282F /* Project object */;
}
